{
  "name": "global_history_maps",
  "version": "1.0.0",
  "lockfileVersion": 1,
  "requires": true,
  "dependencies": {
    "@types/googlemaps": {
      "version": "3.39.3",
      "resolved": "https://registry.npmjs.org/@types/googlemaps/-/googlemaps-3.39.3.tgz",
      "integrity": "sha512-L8O9HAVFZj0TuiS8h5ORthiMsrrhjxTC8XUusp5k47oXCst4VTm+qWKvrAvmYMybZVokbp4Udco1mNwJrTNZPQ=="
    },
    "google-maps": {
      "version": "4.2.3",
      "resolved": "https://registry.npmjs.org/google-maps/-/google-maps-4.2.3.tgz",
      "integrity": "sha512-RGKlYq57/3tKq+o03+25CAOHWq6lAOPPy4knIeVfFw3xmZtwaJsMPuQnQNnITf/BRIC0EBqq0YbbCFW+6q5P0Q==",
      "requires": {
        "@types/googlemaps": "^3.39.1"
      }
    }
  }
}
